
Microsoft Visual Studio Solution File, Format Version 12.00
# Visual Studio Version 17
VisualStudioVersion = 17.13.35818.85 d17.13
MinimumVisualStudioVersion = 10.0.40219.1
Project("{FAE04EC0-301F-11D3-BF4B-00C04F79EFBC}") = "Psicologia", "Psicologia\Psicologia.csproj", "{D73E0E29-0D25-4648-AFC6-A1AB338B16AA}"
EndProject
Global
	GlobalSection(SolutionConfigurationPlatforms) = preSolution
		Debug|Any CPU = Debug|Any CPU
		Release|Any CPU = Release|Any CPU
	EndGlobalSection
	GlobalSection(ProjectConfigurationPlatforms) = postSolution
		{D73E0E29-0D25-4648-AFC6-A1AB338B16AA}.Debug|Any CPU.ActiveCfg = Debug|Any CPU
		{D73E0E29-0D25-4648-AFC6-A1AB338B16AA}.Debug|Any CPU.Build.0 = Debug|Any CPU
		{D73E0E29-0D25-4648-AFC6-A1AB338B16AA}.Release|Any CPU.ActiveCfg = Release|Any CPU
		{D73E0E29-0D25-4648-AFC6-A1AB338B16AA}.Release|Any CPU.Build.0 = Release|Any CPU
	EndGlobalSection
	GlobalSection(SolutionProperties) = preSolution
		HideSolutionNode = FALSE
	EndGlobalSection
	GlobalSection(ExtensibilityGlobals) = postSolution
		SolutionGuid = {0B03A116-5FC8-4DED-95DC-095BCDBC6288}
	EndGlobalSection
EndGlobal
